{
  "name": "defis",
  "version": "1.0.0",
  "lockfileVersion": 1,
  "requires": true,
  "dependencies": {
    "@tsconfig/node10": {
      "version": "1.0.8",
      "resolved": "https://registry.npmjs.org/@tsconfig/node10/-/node10-1.0.8.tgz",
      "integrity": "sha512-6XFfSQmMgq0CFLY1MslA/CPUfhIL919M1rMsa5lP2P097N2Wd1sSX0tx1u4olM16fLNhtHZpRhedZJphNJqmZg=="
    },
    "@tsconfig/node12": {
      "version": "1.0.9",
      "resolved": "https://registry.npmjs.org/@tsconfig/node12/-/node12-1.0.9.tgz",
      "integrity": "sha512-/yBMcem+fbvhSREH+s14YJi18sp7J9jpuhYByADT2rypfajMZZN4WQ6zBGgBKp53NKmqI36wFYDb3yaMPurITw=="
    },
    "@tsconfig/node14": {
      "version": "1.0.1",
      "resolved": "https://registry.npmjs.org/@tsconfig/node14/-/node14-1.0.1.tgz",
      "integrity": "sha512-509r2+yARFfHHE7T6Puu2jjkoycftovhXRqW328PDXTVGKihlb1P8Z9mMZH04ebyajfRY7dedfGynlrFHJUQCg=="
    },
    "@tsconfig/node16": {
      "version": "1.0.1",
      "resolved": "https://registry.npmjs.org/@tsconfig/node16/-/node16-1.0.1.tgz",
      "integrity": "sha512-FTgBI767POY/lKNDNbIzgAX6miIDBs6NTCbdlDb8TrWovHsSvaVIZDlTqym29C6UqhzwcJx4CYr+AlrMywA0cA=="
    },
    "@types/node": {
      "version": "15.12.4",
      "resolved": "https://registry.npmjs.org/@types/node/-/node-15.12.4.tgz",
      "integrity": "sha512-zrNj1+yqYF4WskCMOHwN+w9iuD12+dGm0rQ35HLl9/Ouuq52cEtd0CH9qMgrdNmi5ejC1/V7vKEXYubB+65DkA==",
      "dev": true
    },
    "abort-controller": {
      "version": "3.0.0",
      "resolved": "https://registry.npmjs.org/abort-controller/-/abort-controller-3.0.0.tgz",
      "integrity": "sha512-h8lQ8tacZYnR3vNQTgibj+tODHI5/+l06Au2Pcriv/Gmet0eaj4TwWH41sO9wnHDiQsEj19q0drzdWdeAHtweg==",
      "requires": {
        "event-target-shim": "^5.0.0"
      }
    },
    "arg": {
      "version": "4.1.3",
      "resolved": "https://registry.npmjs.org/arg/-/arg-4.1.3.tgz",
      "integrity": "sha512-58S9QDqG0Xx27YwPSt9fJxivjYl432YCwfDMfZ+71RAqUrZef7LrKQZ3LHLOwCS4FLNBplP533Zx895SeOCHvA=="
    },
    "buffer-from": {
      "version": "1.1.1",
      "resolved": "https://registry.npmjs.org/buffer-from/-/buffer-from-1.1.1.tgz",
      "integrity": "sha512-MQcXEUbCKtEo7bhqEs6560Hyd4XaovZlO/k9V3hjVUF/zwW7KBVdSK4gIt/bzwS9MbR5qob+F5jusZsb0YQK2A=="
    },
    "create-require": {
      "version": "1.1.1",
      "resolved": "https://registry.npmjs.org/create-require/-/create-require-1.1.1.tgz",
      "integrity": "sha512-dcKFX3jn0MpIaXjisoRvexIJVEKzaq7z2rZKxf+MSr9TkdmHmsU4m2lcLojrj/FHl8mk5VxMmYA+ftRkP/3oKQ=="
    },
    "debug": {
      "version": "4.3.1",
      "resolved": "https://registry.npmjs.org/debug/-/debug-4.3.1.tgz",
      "integrity": "sha512-doEwdvm4PCeK4K3RQN2ZC2BYUBaxwLARCqZmMjtF8a51J2Rb0xpVloFRnCODwqjpwnAoao4pelN8l3RJdv3gRQ==",
      "requires": {
        "ms": "2.1.2"
      }
    },
    "diff": {
      "version": "4.0.2",
      "resolved": "https://registry.npmjs.org/diff/-/diff-4.0.2.tgz",
      "integrity": "sha512-58lmxKSA4BNyLz+HHMUzlOEpg09FV+ev6ZMe3vJihgdxzgcwZ8VoEEPmALCZG9LmqfVoNMMKpttIYTVG6uDY7A=="
    },
    "domexception": {
      "version": "2.0.1",
      "resolved": "https://registry.npmjs.org/domexception/-/domexception-2.0.1.tgz",
      "integrity": "sha512-yxJ2mFy/sibVQlu5qHjOkf9J3K6zgmCxgJ94u2EdvDOV09H+32LtRswEcUsmUWN72pVLOEnTSRaIVVzVQgS0dg==",
      "requires": {
        "webidl-conversions": "^5.0.0"
      }
    },
    "event-target-shim": {
      "version": "5.0.1",
      "resolved": "https://registry.npmjs.org/event-target-shim/-/event-target-shim-5.0.1.tgz",
      "integrity": "sha512-i/2XbnSz/uxRCU6+NdVJgKWDTM427+MqYbkQzD321DuCQJUqOuJKIA0IM2+W2xtYHdKOmZ4dR6fExsd4SXL+WQ=="
    },
    "fetch-blob": {
      "version": "2.1.2",
      "resolved": "https://registry.npmjs.org/fetch-blob/-/fetch-blob-2.1.2.tgz",
      "integrity": "sha512-YKqtUDwqLyfyMnmbw8XD6Q8j9i/HggKtPEI+pZ1+8bvheBu78biSmNaXWusx1TauGqtUUGx/cBb1mKdq2rLYow=="
    },
    "form-data-encoder": {
      "version": "1.0.0",
      "resolved": "https://registry.npmjs.org/form-data-encoder/-/form-data-encoder-1.0.0.tgz",
      "integrity": "sha512-oblW/VhaKo6+UYYWAjOzWuZ1/1bFo206G5bVhjbSx8xam5KYbWv/lvj/WkkCtL905WdK079RfDRpvERAOf1bfw==",
      "requires": {
        "nanoid": "3.1.23"
      }
    },
    "formdata-node": {
      "version": "3.5.4",
      "resolved": "https://registry.npmjs.org/formdata-node/-/formdata-node-3.5.4.tgz",
      "integrity": "sha512-1uQGEK8LbsFaNW1pHFnYnK5+BBQkZWB+yEyZrNthh3Ud+zXsHQW0DhuamOWosQuyq1FY7YfZY+xOvyjl5mIaSw==",
      "requires": {
        "domexception": "2.0.1",
        "fetch-blob": "2.1.2",
        "mime-types": "2.1.31"
      }
    },
    "fs": {
      "version": "0.0.1-security",
      "resolved": "https://registry.npmjs.org/fs/-/fs-0.0.1-security.tgz",
      "integrity": "sha1-invTcYa23d84E/I4WLV+yq9eQdQ="
    },
    "inspectable": {
      "version": "1.2.0",
      "resolved": "https://registry.npmjs.org/inspectable/-/inspectable-1.2.0.tgz",
      "integrity": "sha512-5czj8MJaTEL6xO7YmIwNPxrJQI+caxU9a2JcaN/0tVpkMZfKTh5FK+OafsMtnpBT4ekxcaHZOW3+DrluBVaLOQ=="
    },
    "make-error": {
      "version": "1.3.6",
      "resolved": "https://registry.npmjs.org/make-error/-/make-error-1.3.6.tgz",
      "integrity": "sha512-s8UhlNe7vPKomQhC1qFelMokr/Sc3AgNbso3n74mVPA5LTZwkB9NlXf4XPamLxJE8h0gh73rM94xvwRT2CVInw=="
    },
    "middleware-io": {
      "version": "2.8.0",
      "resolved": "https://registry.npmjs.org/middleware-io/-/middleware-io-2.8.0.tgz",
      "integrity": "sha512-0H1cmtQwo2GGhfpTeoqcN/tdJNoCgZ5QVPK7xRMEkiL1mYzEF3bEQt8AMDJ6OAV0bUNU/c8nL5lRymdkLPRb9w=="
    },
    "mime-db": {
      "version": "1.48.0",
      "resolved": "https://registry.npmjs.org/mime-db/-/mime-db-1.48.0.tgz",
      "integrity": "sha512-FM3QwxV+TnZYQ2aRqhlKBMHxk10lTbMt3bBkMAp54ddrNeVSfcQYOOKuGuy3Ddrm38I04If834fOUSq1yzslJQ=="
    },
    "mime-types": {
      "version": "2.1.31",
      "resolved": "https://registry.npmjs.org/mime-types/-/mime-types-2.1.31.tgz",
      "integrity": "sha512-XGZnNzm3QvgKxa8dpzyhFTHmpP3l5YNusmne07VUOXxou9CqUqYa/HBy124RqtVh/O2pECas/MOcsDgpilPOPg==",
      "requires": {
        "mime-db": "1.48.0"
      }
    },
    "ms": {
      "version": "2.1.2",
      "resolved": "https://registry.npmjs.org/ms/-/ms-2.1.2.tgz",
      "integrity": "sha512-sGkPx+VjMtmA6MX27oA4FBFELFCZZ4S4XqeGOXCv68tT+jb3vk/RyaKWP0PTKyWtmLSM0b+adUTEvbs1PEaH2w=="
    },
    "nanoid": {
      "version": "3.1.23",
      "resolved": "https://registry.npmjs.org/nanoid/-/nanoid-3.1.23.tgz",
      "integrity": "sha512-FiB0kzdP0FFVGDKlRLEQ1BgDzU87dy5NnzjeW9YZNt+/c3+q82EQDUwniSAUxp/F0gFNI1ZhKU1FqYsMuqZVnw=="
    },
    "node-fetch": {
      "version": "2.6.1",
      "resolved": "https://registry.npmjs.org/node-fetch/-/node-fetch-2.6.1.tgz",
      "integrity": "sha512-V4aYg89jEoVRxRb2fJdAg8FHvI7cEyYdVAh94HH0UIK8oJxUfkjlDQN9RbMx+bEjP7+ggMiFRprSti032Oipxw=="
    },
    "source-map": {
      "version": "0.6.1",
      "resolved": "https://registry.npmjs.org/source-map/-/source-map-0.6.1.tgz",
      "integrity": "sha512-UjgapumWlbMhkBgzT7Ykc5YXUT46F0iKu8SGXq0bcwP5dz/h0Plj6enJqjz1Zbq2l5WaqYnrVbwWOWMyF3F47g=="
    },
    "source-map-support": {
      "version": "0.5.19",
      "resolved": "https://registry.npmjs.org/source-map-support/-/source-map-support-0.5.19.tgz",
      "integrity": "sha512-Wonm7zOCIJzBGQdB+thsPar0kYuCIzYvxZwlBa87yi/Mdjv7Tip2cyVbLj5o0cFPN4EVkuTwb3GDDyUx2DGnGw==",
      "requires": {
        "buffer-from": "^1.0.0",
        "source-map": "^0.6.0"
      }
    },
    "ts-node": {
      "version": "10.0.0",
      "resolved": "https://registry.npmjs.org/ts-node/-/ts-node-10.0.0.tgz",
      "integrity": "sha512-ROWeOIUvfFbPZkoDis0L/55Fk+6gFQNZwwKPLinacRl6tsxstTF1DbAcLKkovwnpKMVvOMHP1TIbnwXwtLg1gg==",
      "requires": {
        "@tsconfig/node10": "^1.0.7",
        "@tsconfig/node12": "^1.0.7",
        "@tsconfig/node14": "^1.0.0",
        "@tsconfig/node16": "^1.0.1",
        "arg": "^4.1.0",
        "create-require": "^1.1.0",
        "diff": "^4.0.1",
        "make-error": "^1.1.1",
        "source-map-support": "^0.5.17",
        "yn": "3.1.1"
      }
    },
    "typescript": {
      "version": "4.3.4",
      "resolved": "https://registry.npmjs.org/typescript/-/typescript-4.3.4.tgz",
      "integrity": "sha512-uauPG7XZn9F/mo+7MrsRjyvbxFpzemRjKEZXS4AK83oP2KKOJPvb+9cO/gmnv8arWZvhnjVOXz7B49m1l0e9Ew==",
      "dev": true
    },
    "vk-io": {
      "version": "4.3.1",
      "resolved": "https://registry.npmjs.org/vk-io/-/vk-io-4.3.1.tgz",
      "integrity": "sha512-ceFgfOHF3uNyy+jBDD4ZZzymcaDbBd3k1UgKWt0L02fzDqJPhQVXjy8x6OKSZXBxqEtQP/M2K3GroEqs/4PqGg==",
      "requires": {
        "abort-controller": "^3.0.0",
        "debug": "^4.3.1",
        "form-data-encoder": "^1.0.0",
        "formdata-node": "^3.5.4",
        "inspectable": "^1.2.0",
        "middleware-io": "^2.8.0",
        "node-fetch": "^2.6.1"
      }
    },
    "webidl-conversions": {
      "version": "5.0.0",
      "resolved": "https://registry.npmjs.org/webidl-conversions/-/webidl-conversions-5.0.0.tgz",
      "integrity": "sha512-VlZwKPCkYKxQgeSbH5EyngOmRp7Ww7I9rQLERETtf5ofd9pGeswWiOtogpEO850jziPRarreGxn5QIiTqpb2wA=="
    },
    "yn": {
      "version": "3.1.1",
      "resolved": "https://registry.npmjs.org/yn/-/yn-3.1.1.tgz",
      "integrity": "sha512-Ux4ygGWsu2c7isFWe8Yu1YluJmqVhxqK2cLXNQA5AcC3QfbGNpM7fu0Y8b/z16pXLnFxZYvWhd3fhBY9DLmC6Q=="
    }
  }
}
